Microsoft Visual Studio Solution File, Format Version 12.00
# Visual Studio Version 17
VisualStudioVersion = 17.0.31903.59
MinimumVisualStudioVersion = 10.0.40219.1
Project("{FAE04EC0-301F-11D3-BF4B-00C04F79EFBC}") = "LightON", "LightON\LightON.csproj", "{9B509D36-8112-4A99-A828-11A8590F8706}"
EndProject
Project("{C7167F0D-BC9F-4E6E-AFE1-012C56B48DB5}") = "LightON.Package", "LightON.Package\LightON.Package\LightON.Package.wapproj", "{26ED7BAC-9BDE-4C51-A16B-7936AF6EA75F}"
EndProject
Global
	GlobalSection(SolutionConfigurationPlatforms) = preSolution
		Debug|Any CPU = Debug|Any CPU
		Debug|ARM = Debug|ARM
		Debug|ARM64 = Debug|ARM64
		Debug|x64 = Debug|x64
		Debug|x86 = Debug|x86
		Release|Any CPU = Release|Any CPU
		Release|ARM = Release|ARM
		Release|ARM64 = Release|ARM64
		Release|x64 = Release|x64
		Release|x86 = Release|x86
	EndGlobalSection
	GlobalSection(ProjectConfigurationPlatforms) = postSolution
		{9B509D36-8112-4A99-A828-11A8590F8706}.Debug|Any CPU.ActiveCfg = Debug|Any CPU
		{9B509D36-8112-4A99-A828-11A8590F8706}.Debug|Any CPU.Build.0 = Debug|Any CPU
		{9B509D36-8112-4A99-A828-11A8590F8706}.Release|Any CPU.ActiveCfg = Release|Any CPU
		{9B509D36-8112-4A99-A828-11A8590F8706}.Release|Any CPU.Build.0 = Release|Any CPU
		{26ED7BAC-9BDE-4C51-A16B-7936AF6EA75F}.Debug|x64.ActiveCfg = Debug|x64
		{26ED7BAC-9BDE-4C51-A16B-7936AF6EA75F}.Debug|x64.Build.0 = Debug|x64
		{26ED7BAC-9BDE-4C51-A16B-7936AF6EA75F}.Debug|x64.Deploy.0 = Debug|x64
		{26ED7BAC-9BDE-4C51-A16B-7936AF6EA75F}.Release|x64.ActiveCfg = Release|x64
		{26ED7BAC-9BDE-4C51-A16B-7936AF6EA75F}.Release|x64.Build.0 = Release|x64
		{26ED7BAC-9BDE-4C51-A16B-7936AF6EA75F}.Release|x64.Deploy.0 = Release|x64
	EndGlobalSection
	GlobalSection(SolutionProperties) = preSolution
		HideSolutionNode = FALSE
	EndGlobalSection
EndGlobal
